PODS:
  - Capacitor (5.2.3):
    - CapacitorCordova
  - CapacitorCordova (5.2.3)
  - CapacitorSplashScreen (5.0.6):
    - Capacitor

DEPENDENCIES:
  - "Capacitor (from `../../node_modules/@capacitor/ios`)"
  - "CapacitorCordova (from `../../node_modules/@capacitor/ios`)"
  - "CapacitorSplashScreen (from `../../node_modules/@capacitor/splash-screen`)"

EXTERNAL SOURCES:
  Capacitor:
    :path: "../../node_modules/@capacitor/ios"
  CapacitorCordova:
    :path: "../../node_modules/@capacitor/ios"
  CapacitorSplashScreen:
    :path: "../../node_modules/@capacitor/splash-screen"

SPEC CHECKSUMS:
  Capacitor: 6f44cbc33839b8a4202b8eac97041fe584083417
  CapacitorCordova: 35def3ebfdef491f0a7b652816eb873ff4b20bbf
  CapacitorSplashScreen: 5fa2ab5e46cf5cc530cf16a51c80c7a986579ccd

PODFILE CHECKSUM: 7dc10467326065f8d4089f489df324f6ff6fad86

COCOAPODS: 1.12.1
